<Project xmlns="http://schemas.microsoft.com/developer/msbuild/2003">
    <PropertyGroup>
        <ProjectGuid>{f226ea81-6941-409b-ab77-1f89b368e935}</ProjectGuid>
        <MainSource>ServerIngresos.dpr</MainSource>
        <Configuration Condition=" '$(Configuration)' == '' ">Debug</Configuration>
        <DCC_DCCCompiler>DCC32</DCC_DCCCompiler>
        <DCC_DependencyCheckOutputName>..\..\..\Output\ServerIngresos.exe</DCC_DependencyCheckOutputName>
        <FrameworkType>VCL</FrameworkType>
        <ProjectVersion>15.1</ProjectVersion>
        <Base>True</Base>
        <Config Condition="'$(Config)'==''">Debug</Config>
        <Platform Condition="'$(Platform)'==''">Win32</Platform>
        <TargetedPlatforms>1</TargetedPlatforms>
        <AppType>Application</AppType>
    </PropertyGroup>
    <PropertyGroup Condition="'$(Config)'=='Base' or '$(Base)'!=''">
        <Base>true</Base>
    </PropertyGroup>
    <PropertyGroup Condition="('$(Platform)'=='Win32' and '$(Base)'=='true') or '$(Base_Win32)'!=''">
        <Base_Win32>true</Base_Win32>
        <CfgParent>Base</CfgParent>
        <Base>true</Base>
    </PropertyGroup>
    <PropertyGroup Condition="('$(Platform)'=='Win64' and '$(Base)'=='true') or '$(Base_Win64)'!=''">
        <Base_Win64>true</Base_Win64>
        <CfgParent>Base</CfgParent>
        <Base>true</Base>
    </PropertyGroup>
    <PropertyGroup Condition="'$(Config)'=='Release' or '$(Cfg_1)'!=''">
        <Cfg_1>true</Cfg_1>
        <CfgParent>Base</CfgParent>
        <Base>true</Base>
    </PropertyGroup>
    <PropertyGroup Condition="'$(Config)'=='Debug' or '$(Cfg_2)'!=''">
        <Cfg_2>true</Cfg_2>
        <CfgParent>Base</CfgParent>
        <Base>true</Base>
    </PropertyGroup>
    <PropertyGroup Condition="('$(Platform)'=='Win32' and '$(Cfg_2)'=='true') or '$(Cfg_2_Win32)'!=''">
        <Cfg_2_Win32>true</Cfg_2_Win32>
        <CfgParent>Cfg_2</CfgParent>
        <Cfg_2>true</Cfg_2>
        <Base>true</Base>
    </PropertyGroup>
    <PropertyGroup Condition="'$(Base)'!=''">
        <VerInfo_AutoGenVersion>true</VerInfo_AutoGenVersion>
        <VerInfo_IncludeVerInfo>true</VerInfo_IncludeVerInfo>
        <DCC_Namespace>Vcl;Vcl.Imaging;Vcl.Touch;Vcl.Samples;Vcl.Shell;System;Xml;Data;Datasnap;Web;Soap;Winapi;System.Win;Xml.Win;$(DCC_Namespace)</DCC_Namespace>
        <VerInfo_Build>238</VerInfo_Build>
        <VerInfo_Release>70</VerInfo_Release>
        <VerInfo_Locale>1033</VerInfo_Locale>
        <VerInfo_Keys>CompanyName=;FileDescription=Server Ingresos;FileVersion=1.0.70.238;InternalName=;LegalCopyright=;LegalTrademarks=;OriginalFilename=;ProductName=;ProductVersion=1.0.70.14;Comments=</VerInfo_Keys>
    </PropertyGroup>
    <PropertyGroup Condition="'$(Base_Win32)'!=''">
        <VerInfo_IncludeVerInfo>true</VerInfo_IncludeVerInfo>
        <Icon_MainIcon>ServerIngresos_Icon2.ico</Icon_MainIcon>
        <DCC_Namespace>Data.Win;Datasnap.Win;Web.Win;Soap.Win;Bde;$(DCC_Namespace)</DCC_Namespace>
        <VerInfo_Locale>1033</VerInfo_Locale>
        <Manifest_File>$(BDS)\bin\default_app.manifest</Manifest_File>
        <VerInfo_Keys>CompanyName=;FileDescription=;FileVersion=1.0.0.0;InternalName=;LegalCopyright=;LegalTrademarks=;OriginalFilename=;ProductName=;ProductVersion=1.0.0.0;Comments=</VerInfo_Keys>
    </PropertyGroup>
    <PropertyGroup Condition="'$(Base_Win64)'!=''">
        <Icon_MainIcon>ServerIngresos_Icon2.ico</Icon_MainIcon>
    </PropertyGroup>
    <PropertyGroup Condition="'$(Cfg_1)'!=''">
        <Version>7.0</Version>
        <DCC_DebugInformation>0</DCC_DebugInformation>
        <DCC_LocalDebugSymbols>False</DCC_LocalDebugSymbols>
        <DCC_SymbolReferenceInfo>0</DCC_SymbolReferenceInfo>
        <DCC_ExeOutput>..\..\..\Output</DCC_ExeOutput>
        <DCC_DcuOutput>..\..\Units</DCC_DcuOutput>
        <DCC_ObjOutput>..\..\Units</DCC_ObjOutput>
        <DCC_HppOutput>..\..\Units</DCC_HppOutput>
        <DCC_Define>RELEASE;$(DCC_Define)</DCC_Define>
    </PropertyGroup>
    <PropertyGroup Condition="'$(Cfg_2)'!=''">
        <Version>7.0</Version>
        <DCC_ExeOutput>..\..\..\Output</DCC_ExeOutput>
        <DCC_DcuOutput>..\..\..\Units</DCC_DcuOutput>
        <DCC_ObjOutput>..\..\..\Units</DCC_ObjOutput>
        <DCC_HppOutput>..\..\..\Units</DCC_HppOutput>
        <DCC_Define>DEBUG;$(DCC_Define)</DCC_Define>
    </PropertyGroup>
    <PropertyGroup Condition="'$(Cfg_2_Win32)'!=''">
        <Icon_MainIcon>ServerIngresos_Icon3.ico</Icon_MainIcon>
        <DCC_ExeOutput>C:\Users\RedPacifico\Documents\GitHub\ingresos\ingresos\OutPut\</DCC_ExeOutput>
        <VerInfo_Release>0</VerInfo_Release>
        <VerInfo_Keys>CompanyName=;FileDescription=;FileVersion=1.0.0.0;InternalName=;LegalCopyright=;LegalTrademarks=;OriginalFilename=;ProductName=;ProductVersion=1.0.0.0;Comments=</VerInfo_Keys>
        <VerInfo_Build>0</VerInfo_Build>
    </PropertyGroup>
    <ProjectExtensions>
        <Borland.Personality>Delphi.Personality.12</Borland.Personality>
        <Borland.ProjectType/>
        <BorlandProject>
            <Delphi.Personality>
                <Parameters>
                    <Parameters Name="UseLauncher">False</Parameters>
                    <Parameters Name="LoadAllSymbols">True</Parameters>
                    <Parameters Name="LoadUnspecifiedSymbols">False</Parameters>
                </Parameters>
                <VersionInfo>
                    <VersionInfo Name="IncludeVerInfo">True</VersionInfo>
                    <VersionInfo Name="AutoIncBuild">True</VersionInfo>
                    <VersionInfo Name="MajorVer">1</VersionInfo>
                    <VersionInfo Name="MinorVer">0</VersionInfo>
                    <VersionInfo Name="Release">70</VersionInfo>
                    <VersionInfo Name="Build">244</VersionInfo>
                    <VersionInfo Name="Debug">False</VersionInfo>
                    <VersionInfo Name="PreRelease">False</VersionInfo>
                    <VersionInfo Name="Special">False</VersionInfo>
                    <VersionInfo Name="Private">False</VersionInfo>
                    <VersionInfo Name="DLL">False</VersionInfo>
                    <VersionInfo Name="Locale">1033</VersionInfo>
                    <VersionInfo Name="CodePage">1252</VersionInfo>
                </VersionInfo>
                <VersionInfoKeys>
                    <VersionInfoKeys Name="CompanyName"/>
                    <VersionInfoKeys Name="FileDescription">Server Ingresos</VersionInfoKeys>
                    <VersionInfoKeys Name="FileVersion">1.0.70.244</VersionInfoKeys>
                    <VersionInfoKeys Name="InternalName"/>
                    <VersionInfoKeys Name="LegalCopyright"/>
                    <VersionInfoKeys Name="LegalTrademarks"/>
                    <VersionInfoKeys Name="OriginalFilename"/>
                    <VersionInfoKeys Name="ProductName"/>
                    <VersionInfoKeys Name="ProductVersion">1.0.70.14</VersionInfoKeys>
                    <VersionInfoKeys Name="Comments"/>
                </VersionInfoKeys>
                <Source>
                    <Source Name="MainSource">ServerIngresos.dpr</Source>
                </Source>
                <Excluded_Packages>
                    <Excluded_Packages Name="C:\Users\RedPacifico\Documents\tmssoftware\TMS Component Pack\DelphiXE5\TMSDeDXE5.bpl">TMS Component Pack design time support</Excluded_Packages>
                    <Excluded_Packages Name="$(BDSBIN)\dcloffice2k190.bpl">Microsoft Office 2000 Sample Automation Server Wrapper Components</Excluded_Packages>
                    <Excluded_Packages Name="$(BDSBIN)\dclofficexp190.bpl">Microsoft Office XP Sample Automation Server Wrapper Components</Excluded_Packages>
                </Excluded_Packages>
            </Delphi.Personality>
            <Platforms>
                <Platform value="Win32">True</Platform>
                <Platform value="Win64">False</Platform>
            </Platforms>
        </BorlandProject>
        <ProjectFileVersion>12</ProjectFileVersion>
    </ProjectExtensions>
    <Import Project="$(BDS)\Bin\CodeGear.Delphi.Targets"/>
    <ItemGroup>
        <DelphiCompile Include="$(MainSource)">
            <MainSource>MainSource</MainSource>
        </DelphiCompile>
        <DCCReference Include="fServerForm.pas">
            <Form>ServerForm</Form>
        </DCCReference>
        <DCCReference Include="fServerDataModule.pas">
            <Form>ServerDataModule</Form>
            <DesignClass>TDataModule</DesignClass>
        </DCCReference>
        <DCCReference Include="LibraryIngresos_Intf.pas"/>
        <DCCReference Include="LibraryIngresos_Invk.pas"/>
        <DCCReference Include="ServiceIngresos_Impl.pas">
            <Form>ServiceIngresos</Form>
            <DesignClass>TDataAbstractService</DesignClass>
        </DCCReference>
        <DCCReference Include="CistemComun\CodigoFuente\LibXmlParser.pas"/>
        <DCCReference Include="CistemComun\CodigoFuente\ufrmPassword.pas">
            <Form>frmPassword</Form>
            <FormType>dfm</FormType>
        </DCCReference>
        <DCCReference Include="CistemComun\CodigoFuente\UtileriasComun.pas"/>
        <DCCReference Include="CistemComun\CodigoFuente\ufrmServerForm.pas">
            <Form>frmServerForm</Form>
            <FormType>dfm</FormType>
        </DCCReference>
        <DCCReference Include="FCTELECTRONICA\CadenaOriginal.pas"/>
        <DCCReference Include="FCTELECTRONICA\CadenaOriginalTimbre.pas"/>
        <DCCReference Include="FCTELECTRONICA\ClaseCertificadoSellos.pas"/>
        <DCCReference Include="FCTELECTRONICA\ClaseOpenSSL.pas"/>
        <DCCReference Include="FCTELECTRONICA\ComprobanteFiscal.pas"/>
        <DCCReference Include="FCTELECTRONICA\DocComprobanteFiscal.pas"/>
        <DCCReference Include="FCTELECTRONICA\FacturacionHashes.pas"/>
        <DCCReference Include="FCTELECTRONICA\FacturaElectronica.pas"/>
        <DCCReference Include="FCTELECTRONICA\FacturaReglamentacion.pas"/>
        <DCCReference Include="FCTELECTRONICA\FacturaTipos.pas"/>
        <DCCReference Include="FCTELECTRONICA\libeay32.pas"/>
        <DCCReference Include="FCTELECTRONICA\LibEay32Plus.pas"/>
        <DCCReference Include="FCTELECTRONICA\OpenSSLUtils.pas"/>
        <DCCReference Include="FCTELECTRONICA\SelloDigital.pas"/>
        <DCCReference Include="FCTELECTRONICA\uWSHelper.pas"/>
        <DCCReference Include="FCTELECTRONICA\CFD\FeCFD.pas"/>
        <DCCReference Include="FCTELECTRONICA\CFD\FeCFDv2.pas"/>
        <DCCReference Include="FCTELECTRONICA\CFD\FeCFDv22.pas"/>
        <DCCReference Include="FCTELECTRONICA\CFD\FeCFDv32.pas"/>
        <DCCReference Include="FCTELECTRONICA\CFD\FEImpuestosLocales.pas"/>
        <DCCReference Include="FCTELECTRONICA\CFD\FETimbreFiscalDigital.pas"/>
        <DCCReference Include="FCTELECTRONICA\GeneradorCBB\GeneradorCBB.pas"/>
        <DCCReference Include="FCTELECTRONICA\GeneradorCBB\QuricolAPI.pas"/>
        <DCCReference Include="FCTELECTRONICA\GeneradorCBB\QuricolCode.pas"/>
        <DCCReference Include="FCTELECTRONICA\PACs\ManejadorDeErroresComunes.pas"/>
        <DCCReference Include="FCTELECTRONICA\PACs\ProveedorAutorizadoCertificacion.pas"/>
        <DCCReference Include="FCTELECTRONICA\PACs\ComercioDigital\FECancelaComercioDigital.pas"/>
        <DCCReference Include="FCTELECTRONICA\PACs\ComercioDigital\PACComercioDigital.pas"/>
        <DCCReference Include="FCTELECTRONICA\PACs\Ecodex\EcodexWsCancelacion.pas"/>
        <DCCReference Include="FCTELECTRONICA\PACs\Ecodex\EcodexWsClientes.pas"/>
        <DCCReference Include="FCTELECTRONICA\PACs\Ecodex\EcodexWsComun.pas"/>
        <DCCReference Include="FCTELECTRONICA\PACs\Ecodex\EcodexWsSeguridad.pas"/>
        <DCCReference Include="FCTELECTRONICA\PACs\Ecodex\EcodexWsTimbrado.pas"/>
        <DCCReference Include="FCTELECTRONICA\PACs\Ecodex\PAC.Ecodex.ManejadorDeSesion.pas"/>
        <DCCReference Include="FCTELECTRONICA\PACs\Ecodex\PACEcodex.pas"/>
        <DCCReference Include="FCTELECTRONICA\PACs\Ejemplo\PACEjemplo.pas"/>
        <BuildConfiguration Include="Debug">
            <Key>Cfg_2</Key>
            <CfgParent>Base</CfgParent>
        </BuildConfiguration>
        <BuildConfiguration Include="Base">
            <Key>Base</Key>
        </BuildConfiguration>
        <BuildConfiguration Include="Release">
            <Key>Cfg_1</Key>
            <CfgParent>Base</CfgParent>
        </BuildConfiguration>
    </ItemGroup>
    <Import Condition="Exists('$(APPDATA)\Embarcadero\$(BDSAPPDATABASEDIR)\$(PRODUCTVERSION)\UserTools.proj')" Project="$(APPDATA)\Embarcadero\$(BDSAPPDATABASEDIR)\$(PRODUCTVERSION)\UserTools.proj"/>
</Project>

<!-- EurekaLog First Line
[Exception Log]
EurekaLog Version=7007
Activate=0
DeleteMapAfterCompile=1
Encrypt Password=""
EurekaLog Last Line -->
