<Project xmlns="http://schemas.microsoft.com/developer/msbuild/2003">
  <PropertyGroup>
    <ProjectGuid>{4732ea3d-7d4f-4685-a03d-26c80cde92a3}</ProjectGuid>
    <MainSource>CistemComun.dpr</MainSource>
    <Configuration Condition=" '$(Configuration)' == '' ">Debug</Configuration>
    <Platform Condition=" '$(Platform)' == '' ">AnyCPU</Platform>
    <DCC_DCCCompiler>DCC32</DCC_DCCCompiler>
    <DCC_DependencyCheckOutputName>..\..\Output\CistemComun.exe</DCC_DependencyCheckOutputName>
  </PropertyGroup>
  <PropertyGroup Condition=" '$(Configuration)|$(Platform)' == 'Release|AnyCPU' ">
    <Version>7.0</Version>
    <DCC_DebugInformation>False</DCC_DebugInformation>
    <DCC_LocalDebugSymbols>False</DCC_LocalDebugSymbols>
    <DCC_SymbolReferenceInfo>0</DCC_SymbolReferenceInfo>
    <DCC_ExeOutput>..\..\Output</DCC_ExeOutput>
    <DCC_DcuOutput>..\Units</DCC_DcuOutput>
    <DCC_ObjOutput>..\Units</DCC_ObjOutput>
    <DCC_HppOutput>..\Units</DCC_HppOutput>
    <DCC_Define>RELEASE</DCC_Define>
  </PropertyGroup>
  <PropertyGroup Condition=" '$(Configuration)|$(Platform)' == 'Debug|AnyCPU' ">
    <Version>7.0</Version>
    <DCC_ExeOutput>..\..\Output</DCC_ExeOutput>
    <DCC_DcuOutput>..\..\Units</DCC_DcuOutput>
    <DCC_ObjOutput>..\..\Units</DCC_ObjOutput>
    <DCC_HppOutput>..\..\Units</DCC_HppOutput>
    <DCC_Define>DEBUG</DCC_Define>
  </PropertyGroup>
  <ProjectExtensions>
    <Borland.Personality>Delphi.Personality</Borland.Personality>
    <Borland.ProjectType />
    <BorlandProject>
<BorlandProject><Delphi.Personality><Parameters><Parameters Name="UseLauncher">False</Parameters><Parameters Name="LoadAllSymbols">True</Parameters><Parameters Name="LoadUnspecifiedSymbols">False</Parameters></Parameters><VersionInfo><VersionInfo Name="IncludeVerInfo">False</VersionInfo><VersionInfo Name="AutoIncBuild">False</VersionInfo><VersionInfo Name="MajorVer">1</VersionInfo><VersionInfo Name="MinorVer">0</VersionInfo><VersionInfo Name="Release">0</VersionInfo><VersionInfo Name="Build">0</VersionInfo><VersionInfo Name="Debug">False</VersionInfo><VersionInfo Name="PreRelease">False</VersionInfo><VersionInfo Name="Special">False</VersionInfo><VersionInfo Name="Private">False</VersionInfo><VersionInfo Name="DLL">False</VersionInfo><VersionInfo Name="Locale">1033</VersionInfo><VersionInfo Name="CodePage">1252</VersionInfo></VersionInfo><VersionInfoKeys><VersionInfoKeys Name="CompanyName"></VersionInfoKeys><VersionInfoKeys Name="FileDescription"></VersionInfoKeys><VersionInfoKeys Name="FileVersion">1.0.0.0</VersionInfoKeys><VersionInfoKeys Name="InternalName"></VersionInfoKeys><VersionInfoKeys Name="LegalCopyright"></VersionInfoKeys><VersionInfoKeys Name="LegalTrademarks"></VersionInfoKeys><VersionInfoKeys Name="OriginalFilename"></VersionInfoKeys><VersionInfoKeys Name="ProductName"></VersionInfoKeys><VersionInfoKeys Name="ProductVersion">1.0.0.0</VersionInfoKeys><VersionInfoKeys Name="Comments"></VersionInfoKeys></VersionInfoKeys><Source><Source Name="MainSource">CistemComun.dpr</Source></Source></Delphi.Personality></BorlandProject></BorlandProject>
  </ProjectExtensions>
  <Import Project="$(MSBuildBinPath)\Borland.Delphi.Targets" />
  <ItemGroup>
    <DelphiCompile Include="CistemComun.dpr">
      <MainSource>MainSource</MainSource>
    </DelphiCompile>
    <DCCReference Include="CustomModule.pas">
      <Form>frmCustomModule</Form>
    </DCCReference>
    <DCCReference Include="dmActions.pas">
      <Form>dmAppActions</Form>
      <DesignClass>TDataModule</DesignClass>
    </DCCReference>
    <DCCReference Include="dmImagenes.pas">
      <Form>dmImages</Form>
      <DesignClass>TDataModule</DesignClass>
    </DCCReference>
    <DCCReference Include="ExportaDataSet.pas" />
    <DCCReference Include="LibXmlParser.pas" />
    <DCCReference Include="Modules.pas" />
    <DCCReference Include="Seguridad.pas" />
    <DCCReference Include="ufrmCatalogo.pas">
      <Form>frmCatalogo</Form>
    </DCCReference>
    <DCCReference Include="ufrmPassword.pas">
      <Form>frmPassword</Form>
    </DCCReference>
    <DCCReference Include="ufrmPrincipal.pas">
      <Form>Form2</Form>
    </DCCReference>
    <DCCReference Include="ufrmServerForm.pas">
      <Form>frmServerForm</Form>
    </DCCReference>
    <DCCReference Include="ufrmSplash.pas">
      <Form>frmSplash</Form>
    </DCCReference>
    <DCCReference Include="uPSI_ExportaDataSet.pas" />
    <DCCReference Include="UtileriasComun.pas" />
  </ItemGroup>
</Project>